
Microsoft Visual Studio Solution File, Format Version 12.00
# Visual Studio 15
VisualStudioVersion = 15.0.27428.2011
MinimumVisualStudioVersion = 10.0.40219.1
Project("{2150E333-8FDC-42A3-9474-1A3956D46DE8}") = "utils", "utils", "{C0B6D110-9422-4135-8208-926C67909788}"
EndProject
Project("{FAE04EC0-301F-11D3-BF4B-00C04F79EFBC}") = "utils.async", "utils\utils.async\utils.async.csproj", "{CA45551A-6A4E-4E3D-AF2E-E081F209BB14}"
EndProject
Project("{FAE04EC0-301F-11D3-BF4B-00C04F79EFBC}") = "utils.common", "utils\utils.common\utils.common.csproj", "{2FAA440A-87D3-41AB-9931-25AC306A25BA}"
EndProject
Project("{FAE04EC0-301F-11D3-BF4B-00C04F79EFBC}") = "utils.diagnostics", "utils\utils.diagnostics\utils.diagnostics.csproj", "{C89D83CA-C0FA-4573-A63E-F716DD628696}"
EndProject
Project("{FAE04EC0-301F-11D3-BF4B-00C04F79EFBC}") = "utils.linq", "utils\utils.linq\utils.linq.csproj", "{65FB2C9F-3A0F-4E3F-ADBD-912BC6F08508}"
EndProject
Project("{FAE04EC0-301F-11D3-BF4B-00C04F79EFBC}") = "utils.xml", "utils\utils.xml\utils.xml.csproj", "{C00B45E2-5ABA-4F7A-BD85-505594794AAE}"
EndProject
Project("{F2A71F9B-5D33-465A-A702-920D77279786}") = "utils.fsharp", "utils\utils.fsharp\utils.fsharp.fsproj", "{04196C86-66F6-4A9C-BE0B-90AA5353B1C6}"
EndProject
Project("{FAE04EC0-301F-11D3-BF4B-00C04F79EFBC}") = "onvif.services", "onvif\onvif.services\onvif.services.csproj", "{3CB4F764-648F-4AA3-9E85-91992337D3EA}"
EndProject
Project("{F2A71F9B-5D33-465A-A702-920D77279786}") = "onvif.session", "onvif\onvif.session\onvif.session.fsproj", "{902A3FF3-E9BD-443D-8FC1-69AA42B5F76B}"
EndProject
Project("{F2A71F9B-5D33-465A-A702-920D77279786}") = "onvif.utils", "onvif\onvif.utils\onvif.utils.fsproj", "{55DED141-56C3-4DA9-BE07-03708D7A2275}"
EndProject
Project("{F2A71F9B-5D33-465A-A702-920D77279786}") = "onvif.discovery", "onvif\onvif.discovery\onvif.discovery.fsproj", "{6AF1CA5F-AE7C-4041-A49C-F1112BFF27B7}"
EndProject
Project("{FAE04EC0-301F-11D3-BF4B-00C04F79EFBC}") = "Onvif.Proxy", "Onvif.Proxy\Onvif.Proxy.csproj", "{06E998E6-6AA5-49B1-B87C-8BB7CF2CD9C2}"
EndProject
Project("{FAE04EC0-301F-11D3-BF4B-00C04F79EFBC}") = "Onvif.Client", "OnvifClient\Onvif.Client.csproj", "{3BDCEF69-4ACA-4954-A20C-578CFB609BDD}"
EndProject
Project("{FAE04EC0-301F-11D3-BF4B-00C04F79EFBC}") = "Onvif.Contracts", "Onvif.Contracts\Onvif.Contracts.csproj", "{20A11B23-D00B-4A82-8156-E6E4F71BD156}"
EndProject
Project("{FAE04EC0-301F-11D3-BF4B-00C04F79EFBC}") = "Onvif.Proxy.Contracts", "Onvif.Proxy.Contracts\Onvif.Proxy.Contracts.csproj", "{9A28CF5D-A5EE-49BB-AFE8-E2C020AC32E2}"
EndProject
Global
	GlobalSection(SolutionConfigurationPlatforms) = preSolution
		Debug|Any CPU = Debug|Any CPU
		Debug|Mixed Platforms = Debug|Mixed Platforms
		Debug|Net40 = Debug|Net40
		Debug|Net45 = Debug|Net45
		Debug|Win32 = Debug|Win32
		Debug|x64 = Debug|x64
		Release|Any CPU = Release|Any CPU
		Release|Mixed Platforms = Release|Mixed Platforms
		Release|Net40 = Release|Net40
		Release|Net45 = Release|Net45
		Release|Win32 = Release|Win32
		Release|x64 = Release|x64
	EndGlobalSection
	GlobalSection(ProjectConfigurationPlatforms) = postSolution
		{CA45551A-6A4E-4E3D-AF2E-E081F209BB14}.Debug|Any CPU.ActiveCfg = Debug|Any CPU
		{CA45551A-6A4E-4E3D-AF2E-E081F209BB14}.Debug|Any CPU.Build.0 = Debug|Any CPU
		{CA45551A-6A4E-4E3D-AF2E-E081F209BB14}.Debug|Mixed Platforms.ActiveCfg = Debug|Any CPU
		{CA45551A-6A4E-4E3D-AF2E-E081F209BB14}.Debug|Mixed Platforms.Build.0 = Debug|Any CPU
		{CA45551A-6A4E-4E3D-AF2E-E081F209BB14}.Debug|Net40.ActiveCfg = Debug|Any CPU
		{CA45551A-6A4E-4E3D-AF2E-E081F209BB14}.Debug|Net45.ActiveCfg = Debug|Any CPU
		{CA45551A-6A4E-4E3D-AF2E-E081F209BB14}.Debug|Win32.ActiveCfg = Debug|Any CPU
		{CA45551A-6A4E-4E3D-AF2E-E081F209BB14}.Debug|x64.ActiveCfg = Debug|Any CPU
		{CA45551A-6A4E-4E3D-AF2E-E081F209BB14}.Release|Any CPU.ActiveCfg = Release|Any CPU
		{CA45551A-6A4E-4E3D-AF2E-E081F209BB14}.Release|Any CPU.Build.0 = Release|Any CPU
		{CA45551A-6A4E-4E3D-AF2E-E081F209BB14}.Release|Mixed Platforms.ActiveCfg = Release|Any CPU
		{CA45551A-6A4E-4E3D-AF2E-E081F209BB14}.Release|Mixed Platforms.Build.0 = Release|Any CPU
		{CA45551A-6A4E-4E3D-AF2E-E081F209BB14}.Release|Net40.ActiveCfg = Release|Any CPU
		{CA45551A-6A4E-4E3D-AF2E-E081F209BB14}.Release|Net45.ActiveCfg = Release|Any CPU
		{CA45551A-6A4E-4E3D-AF2E-E081F209BB14}.Release|Win32.ActiveCfg = Release|Any CPU
		{CA45551A-6A4E-4E3D-AF2E-E081F209BB14}.Release|x64.ActiveCfg = Release|Any CPU
		{2FAA440A-87D3-41AB-9931-25AC306A25BA}.Debug|Any CPU.ActiveCfg = Debug|Any CPU
		{2FAA440A-87D3-41AB-9931-25AC306A25BA}.Debug|Any CPU.Build.0 = Debug|Any CPU
		{2FAA440A-87D3-41AB-9931-25AC306A25BA}.Debug|Mixed Platforms.ActiveCfg = Debug|Any CPU
		{2FAA440A-87D3-41AB-9931-25AC306A25BA}.Debug|Mixed Platforms.Build.0 = Debug|Any CPU
		{2FAA440A-87D3-41AB-9931-25AC306A25BA}.Debug|Net40.ActiveCfg = Debug|Any CPU
		{2FAA440A-87D3-41AB-9931-25AC306A25BA}.Debug|Net45.ActiveCfg = Debug|Any CPU
		{2FAA440A-87D3-41AB-9931-25AC306A25BA}.Debug|Win32.ActiveCfg = Debug|Any CPU
		{2FAA440A-87D3-41AB-9931-25AC306A25BA}.Debug|x64.ActiveCfg = Debug|Any CPU
		{2FAA440A-87D3-41AB-9931-25AC306A25BA}.Release|Any CPU.ActiveCfg = Release|Any CPU
		{2FAA440A-87D3-41AB-9931-25AC306A25BA}.Release|Any CPU.Build.0 = Release|Any CPU
		{2FAA440A-87D3-41AB-9931-25AC306A25BA}.Release|Mixed Platforms.ActiveCfg = Release|Any CPU
		{2FAA440A-87D3-41AB-9931-25AC306A25BA}.Release|Mixed Platforms.Build.0 = Release|Any CPU
		{2FAA440A-87D3-41AB-9931-25AC306A25BA}.Release|Net40.ActiveCfg = Release|Any CPU
		{2FAA440A-87D3-41AB-9931-25AC306A25BA}.Release|Net45.ActiveCfg = Release|Any CPU
		{2FAA440A-87D3-41AB-9931-25AC306A25BA}.Release|Win32.ActiveCfg = Release|Any CPU
		{2FAA440A-87D3-41AB-9931-25AC306A25BA}.Release|x64.ActiveCfg = Release|Any CPU
		{C89D83CA-C0FA-4573-A63E-F716DD628696}.Debug|Any CPU.ActiveCfg = Debug|Any CPU
		{C89D83CA-C0FA-4573-A63E-F716DD628696}.Debug|Any CPU.Build.0 = Debug|Any CPU
		{C89D83CA-C0FA-4573-A63E-F716DD628696}.Debug|Mixed Platforms.ActiveCfg = Debug|Any CPU
		{C89D83CA-C0FA-4573-A63E-F716DD628696}.Debug|Mixed Platforms.Build.0 = Debug|Any CPU
		{C89D83CA-C0FA-4573-A63E-F716DD628696}.Debug|Net40.ActiveCfg = Debug|Any CPU
		{C89D83CA-C0FA-4573-A63E-F716DD628696}.Debug|Net45.ActiveCfg = Debug|Any CPU
		{C89D83CA-C0FA-4573-A63E-F716DD628696}.Debug|Win32.ActiveCfg = Debug|Any CPU
		{C89D83CA-C0FA-4573-A63E-F716DD628696}.Debug|x64.ActiveCfg = Debug|Any CPU
		{C89D83CA-C0FA-4573-A63E-F716DD628696}.Release|Any CPU.ActiveCfg = Release|Any CPU
		{C89D83CA-C0FA-4573-A63E-F716DD628696}.Release|Any CPU.Build.0 = Release|Any CPU
		{C89D83CA-C0FA-4573-A63E-F716DD628696}.Release|Mixed Platforms.ActiveCfg = Release|Any CPU
		{C89D83CA-C0FA-4573-A63E-F716DD628696}.Release|Mixed Platforms.Build.0 = Release|Any CPU
		{C89D83CA-C0FA-4573-A63E-F716DD628696}.Release|Net40.ActiveCfg = Release|Any CPU
		{C89D83CA-C0FA-4573-A63E-F716DD628696}.Release|Net45.ActiveCfg = Release|Any CPU
		{C89D83CA-C0FA-4573-A63E-F716DD628696}.Release|Win32.ActiveCfg = Release|Any CPU
		{C89D83CA-C0FA-4573-A63E-F716DD628696}.Release|x64.ActiveCfg = Release|Any CPU
		{65FB2C9F-3A0F-4E3F-ADBD-912BC6F08508}.Debug|Any CPU.ActiveCfg = Debug|Any CPU
		{65FB2C9F-3A0F-4E3F-ADBD-912BC6F08508}.Debug|Any CPU.Build.0 = Debug|Any CPU
		{65FB2C9F-3A0F-4E3F-ADBD-912BC6F08508}.Debug|Mixed Platforms.ActiveCfg = Debug|Any CPU
		{65FB2C9F-3A0F-4E3F-ADBD-912BC6F08508}.Debug|Mixed Platforms.Build.0 = Debug|Any CPU
		{65FB2C9F-3A0F-4E3F-ADBD-912BC6F08508}.Debug|Net40.ActiveCfg = Debug|Any CPU
		{65FB2C9F-3A0F-4E3F-ADBD-912BC6F08508}.Debug|Net45.ActiveCfg = Debug|Any CPU
		{65FB2C9F-3A0F-4E3F-ADBD-912BC6F08508}.Debug|Win32.ActiveCfg = Debug|Any CPU
		{65FB2C9F-3A0F-4E3F-ADBD-912BC6F08508}.Debug|x64.ActiveCfg = Debug|Any CPU
		{65FB2C9F-3A0F-4E3F-ADBD-912BC6F08508}.Release|Any CPU.ActiveCfg = Release|Any CPU
		{65FB2C9F-3A0F-4E3F-ADBD-912BC6F08508}.Release|Any CPU.Build.0 = Release|Any CPU
		{65FB2C9F-3A0F-4E3F-ADBD-912BC6F08508}.Release|Mixed Platforms.ActiveCfg = Release|Any CPU
		{65FB2C9F-3A0F-4E3F-ADBD-912BC6F08508}.Release|Mixed Platforms.Build.0 = Release|Any CPU
		{65FB2C9F-3A0F-4E3F-ADBD-912BC6F08508}.Release|Net40.ActiveCfg = Release|Any CPU
		{65FB2C9F-3A0F-4E3F-ADBD-912BC6F08508}.Release|Net45.ActiveCfg = Release|Any CPU
		{65FB2C9F-3A0F-4E3F-ADBD-912BC6F08508}.Release|Win32.ActiveCfg = Release|Any CPU
		{65FB2C9F-3A0F-4E3F-ADBD-912BC6F08508}.Release|x64.ActiveCfg = Release|Any CPU
		{C00B45E2-5ABA-4F7A-BD85-505594794AAE}.Debug|Any CPU.ActiveCfg = Debug|Any CPU
		{C00B45E2-5ABA-4F7A-BD85-505594794AAE}.Debug|Any CPU.Build.0 = Debug|Any CPU
		{C00B45E2-5ABA-4F7A-BD85-505594794AAE}.Debug|Mixed Platforms.ActiveCfg = Debug|Any CPU
		{C00B45E2-5ABA-4F7A-BD85-505594794AAE}.Debug|Mixed Platforms.Build.0 = Debug|Any CPU
		{C00B45E2-5ABA-4F7A-BD85-505594794AAE}.Debug|Net40.ActiveCfg = Debug|Any CPU
		{C00B45E2-5ABA-4F7A-BD85-505594794AAE}.Debug|Net45.ActiveCfg = Debug|Any CPU
		{C00B45E2-5ABA-4F7A-BD85-505594794AAE}.Debug|Win32.ActiveCfg = Debug|Any CPU
		{C00B45E2-5ABA-4F7A-BD85-505594794AAE}.Debug|x64.ActiveCfg = Debug|Any CPU
		{C00B45E2-5ABA-4F7A-BD85-505594794AAE}.Release|Any CPU.ActiveCfg = Release|Any CPU
		{C00B45E2-5ABA-4F7A-BD85-505594794AAE}.Release|Any CPU.Build.0 = Release|Any CPU
		{C00B45E2-5ABA-4F7A-BD85-505594794AAE}.Release|Mixed Platforms.ActiveCfg = Release|Any CPU
		{C00B45E2-5ABA-4F7A-BD85-505594794AAE}.Release|Mixed Platforms.Build.0 = Release|Any CPU
		{C00B45E2-5ABA-4F7A-BD85-505594794AAE}.Release|Net40.ActiveCfg = Release|Any CPU
		{C00B45E2-5ABA-4F7A-BD85-505594794AAE}.Release|Net45.ActiveCfg = Release|Any CPU
		{C00B45E2-5ABA-4F7A-BD85-505594794AAE}.Release|Win32.ActiveCfg = Release|Any CPU
		{C00B45E2-5ABA-4F7A-BD85-505594794AAE}.Release|x64.ActiveCfg = Release|Any CPU
		{04196C86-66F6-4A9C-BE0B-90AA5353B1C6}.Debug|Any CPU.ActiveCfg = Debug|Net45
		{04196C86-66F6-4A9C-BE0B-90AA5353B1C6}.Debug|Mixed Platforms.ActiveCfg = Debug|Net45
		{04196C86-66F6-4A9C-BE0B-90AA5353B1C6}.Debug|Mixed Platforms.Build.0 = Debug|Net45
		{04196C86-66F6-4A9C-BE0B-90AA5353B1C6}.Debug|Net40.ActiveCfg = Debug|Net40
		{04196C86-66F6-4A9C-BE0B-90AA5353B1C6}.Debug|Net40.Build.0 = Debug|Net40
		{04196C86-66F6-4A9C-BE0B-90AA5353B1C6}.Debug|Net45.ActiveCfg = Debug|Net45
		{04196C86-66F6-4A9C-BE0B-90AA5353B1C6}.Debug|Net45.Build.0 = Debug|Net45
		{04196C86-66F6-4A9C-BE0B-90AA5353B1C6}.Debug|Win32.ActiveCfg = Debug|Net40
		{04196C86-66F6-4A9C-BE0B-90AA5353B1C6}.Debug|Win32.Build.0 = Debug|Net40
		{04196C86-66F6-4A9C-BE0B-90AA5353B1C6}.Debug|x64.ActiveCfg = Debug|Net40
		{04196C86-66F6-4A9C-BE0B-90AA5353B1C6}.Debug|x64.Build.0 = Debug|Net40
		{04196C86-66F6-4A9C-BE0B-90AA5353B1C6}.Release|Any CPU.ActiveCfg = Release|Net45
		{04196C86-66F6-4A9C-BE0B-90AA5353B1C6}.Release|Mixed Platforms.ActiveCfg = Release|Net45
		{04196C86-66F6-4A9C-BE0B-90AA5353B1C6}.Release|Mixed Platforms.Build.0 = Release|Net45
		{04196C86-66F6-4A9C-BE0B-90AA5353B1C6}.Release|Net40.ActiveCfg = Release|Net40
		{04196C86-66F6-4A9C-BE0B-90AA5353B1C6}.Release|Net40.Build.0 = Release|Net40
		{04196C86-66F6-4A9C-BE0B-90AA5353B1C6}.Release|Net45.ActiveCfg = Release|Net45
		{04196C86-66F6-4A9C-BE0B-90AA5353B1C6}.Release|Net45.Build.0 = Release|Net45
		{04196C86-66F6-4A9C-BE0B-90AA5353B1C6}.Release|Win32.ActiveCfg = Release|Net40
		{04196C86-66F6-4A9C-BE0B-90AA5353B1C6}.Release|Win32.Build.0 = Release|Net40
		{04196C86-66F6-4A9C-BE0B-90AA5353B1C6}.Release|x64.ActiveCfg = Release|Net40
		{04196C86-66F6-4A9C-BE0B-90AA5353B1C6}.Release|x64.Build.0 = Release|Net40
		{3CB4F764-648F-4AA3-9E85-91992337D3EA}.Debug|Any CPU.ActiveCfg = Debug|Any CPU
		{3CB4F764-648F-4AA3-9E85-91992337D3EA}.Debug|Any CPU.Build.0 = Debug|Any CPU
		{3CB4F764-648F-4AA3-9E85-91992337D3EA}.Debug|Mixed Platforms.ActiveCfg = Debug|Any CPU
		{3CB4F764-648F-4AA3-9E85-91992337D3EA}.Debug|Mixed Platforms.Build.0 = Debug|Any CPU
		{3CB4F764-648F-4AA3-9E85-91992337D3EA}.Debug|Net40.ActiveCfg = Debug|Any CPU
		{3CB4F764-648F-4AA3-9E85-91992337D3EA}.Debug|Net45.ActiveCfg = Debug|Any CPU
		{3CB4F764-648F-4AA3-9E85-91992337D3EA}.Debug|Win32.ActiveCfg = Debug|Any CPU
		{3CB4F764-648F-4AA3-9E85-91992337D3EA}.Debug|x64.ActiveCfg = Debug|Any CPU
		{3CB4F764-648F-4AA3-9E85-91992337D3EA}.Release|Any CPU.ActiveCfg = Release|Any CPU
		{3CB4F764-648F-4AA3-9E85-91992337D3EA}.Release|Any CPU.Build.0 = Release|Any CPU
		{3CB4F764-648F-4AA3-9E85-91992337D3EA}.Release|Mixed Platforms.ActiveCfg = Release|Any CPU
		{3CB4F764-648F-4AA3-9E85-91992337D3EA}.Release|Mixed Platforms.Build.0 = Release|Any CPU
		{3CB4F764-648F-4AA3-9E85-91992337D3EA}.Release|Net40.ActiveCfg = Release|Any CPU
		{3CB4F764-648F-4AA3-9E85-91992337D3EA}.Release|Net45.ActiveCfg = Release|Any CPU
		{3CB4F764-648F-4AA3-9E85-91992337D3EA}.Release|Win32.ActiveCfg = Release|Any CPU
		{3CB4F764-648F-4AA3-9E85-91992337D3EA}.Release|x64.ActiveCfg = Release|Any CPU
		{902A3FF3-E9BD-443D-8FC1-69AA42B5F76B}.Debug|Any CPU.ActiveCfg = Debug|Net45
		{902A3FF3-E9BD-443D-8FC1-69AA42B5F76B}.Debug|Mixed Platforms.ActiveCfg = Debug|Net45
		{902A3FF3-E9BD-443D-8FC1-69AA42B5F76B}.Debug|Mixed Platforms.Build.0 = Debug|Net45
		{902A3FF3-E9BD-443D-8FC1-69AA42B5F76B}.Debug|Net40.ActiveCfg = Debug|Net40
		{902A3FF3-E9BD-443D-8FC1-69AA42B5F76B}.Debug|Net40.Build.0 = Debug|Net40
		{902A3FF3-E9BD-443D-8FC1-69AA42B5F76B}.Debug|Net45.ActiveCfg = Debug|Net45
		{902A3FF3-E9BD-443D-8FC1-69AA42B5F76B}.Debug|Net45.Build.0 = Debug|Net45
		{902A3FF3-E9BD-443D-8FC1-69AA42B5F76B}.Debug|Win32.ActiveCfg = Debug|Net40
		{902A3FF3-E9BD-443D-8FC1-69AA42B5F76B}.Debug|Win32.Build.0 = Debug|Net40
		{902A3FF3-E9BD-443D-8FC1-69AA42B5F76B}.Debug|x64.ActiveCfg = Debug|Net40
		{902A3FF3-E9BD-443D-8FC1-69AA42B5F76B}.Debug|x64.Build.0 = Debug|Net40
		{902A3FF3-E9BD-443D-8FC1-69AA42B5F76B}.Release|Any CPU.ActiveCfg = Release|Net45
		{902A3FF3-E9BD-443D-8FC1-69AA42B5F76B}.Release|Mixed Platforms.ActiveCfg = Release|Net45
		{902A3FF3-E9BD-443D-8FC1-69AA42B5F76B}.Release|Mixed Platforms.Build.0 = Release|Net45
		{902A3FF3-E9BD-443D-8FC1-69AA42B5F76B}.Release|Net40.ActiveCfg = Release|Net40
		{902A3FF3-E9BD-443D-8FC1-69AA42B5F76B}.Release|Net40.Build.0 = Release|Net40
		{902A3FF3-E9BD-443D-8FC1-69AA42B5F76B}.Release|Net45.ActiveCfg = Release|Net45
		{902A3FF3-E9BD-443D-8FC1-69AA42B5F76B}.Release|Net45.Build.0 = Release|Net45
		{902A3FF3-E9BD-443D-8FC1-69AA42B5F76B}.Release|Win32.ActiveCfg = Release|Net40
		{902A3FF3-E9BD-443D-8FC1-69AA42B5F76B}.Release|Win32.Build.0 = Release|Net40
		{902A3FF3-E9BD-443D-8FC1-69AA42B5F76B}.Release|x64.ActiveCfg = Release|Net40
		{902A3FF3-E9BD-443D-8FC1-69AA42B5F76B}.Release|x64.Build.0 = Release|Net40
		{55DED141-56C3-4DA9-BE07-03708D7A2275}.Debug|Any CPU.ActiveCfg = Debug|Net45
		{55DED141-56C3-4DA9-BE07-03708D7A2275}.Debug|Mixed Platforms.ActiveCfg = Debug|Net45
		{55DED141-56C3-4DA9-BE07-03708D7A2275}.Debug|Mixed Platforms.Build.0 = Debug|Net45
		{55DED141-56C3-4DA9-BE07-03708D7A2275}.Debug|Net40.ActiveCfg = Debug|Net40
		{55DED141-56C3-4DA9-BE07-03708D7A2275}.Debug|Net40.Build.0 = Debug|Net40
		{55DED141-56C3-4DA9-BE07-03708D7A2275}.Debug|Net45.ActiveCfg = Debug|Net45
		{55DED141-56C3-4DA9-BE07-03708D7A2275}.Debug|Net45.Build.0 = Debug|Net45
		{55DED141-56C3-4DA9-BE07-03708D7A2275}.Debug|Win32.ActiveCfg = Debug|Net40
		{55DED141-56C3-4DA9-BE07-03708D7A2275}.Debug|Win32.Build.0 = Debug|Net40
		{55DED141-56C3-4DA9-BE07-03708D7A2275}.Debug|x64.ActiveCfg = Debug|Net40
		{55DED141-56C3-4DA9-BE07-03708D7A2275}.Debug|x64.Build.0 = Debug|Net40
		{55DED141-56C3-4DA9-BE07-03708D7A2275}.Release|Any CPU.ActiveCfg = Release|Net45
		{55DED141-56C3-4DA9-BE07-03708D7A2275}.Release|Mixed Platforms.ActiveCfg = Release|Net45
		{55DED141-56C3-4DA9-BE07-03708D7A2275}.Release|Mixed Platforms.Build.0 = Release|Net45
		{55DED141-56C3-4DA9-BE07-03708D7A2275}.Release|Net40.ActiveCfg = Release|Net40
		{55DED141-56C3-4DA9-BE07-03708D7A2275}.Release|Net40.Build.0 = Release|Net40
		{55DED141-56C3-4DA9-BE07-03708D7A2275}.Release|Net45.ActiveCfg = Release|Net45
		{55DED141-56C3-4DA9-BE07-03708D7A2275}.Release|Net45.Build.0 = Release|Net45
		{55DED141-56C3-4DA9-BE07-03708D7A2275}.Release|Win32.ActiveCfg = Release|Net40
		{55DED141-56C3-4DA9-BE07-03708D7A2275}.Release|Win32.Build.0 = Release|Net40
		{55DED141-56C3-4DA9-BE07-03708D7A2275}.Release|x64.ActiveCfg = Release|Net40
		{55DED141-56C3-4DA9-BE07-03708D7A2275}.Release|x64.Build.0 = Release|Net40
		{6AF1CA5F-AE7C-4041-A49C-F1112BFF27B7}.Debug|Any CPU.ActiveCfg = Debug|Net45
		{6AF1CA5F-AE7C-4041-A49C-F1112BFF27B7}.Debug|Mixed Platforms.ActiveCfg = Debug|Net45
		{6AF1CA5F-AE7C-4041-A49C-F1112BFF27B7}.Debug|Mixed Platforms.Build.0 = Debug|Net45
		{6AF1CA5F-AE7C-4041-A49C-F1112BFF27B7}.Debug|Net40.ActiveCfg = Debug|Net40
		{6AF1CA5F-AE7C-4041-A49C-F1112BFF27B7}.Debug|Net40.Build.0 = Debug|Net40
		{6AF1CA5F-AE7C-4041-A49C-F1112BFF27B7}.Debug|Net45.ActiveCfg = Debug|Net45
		{6AF1CA5F-AE7C-4041-A49C-F1112BFF27B7}.Debug|Net45.Build.0 = Debug|Net45
		{6AF1CA5F-AE7C-4041-A49C-F1112BFF27B7}.Debug|Win32.ActiveCfg = Debug|Net40
		{6AF1CA5F-AE7C-4041-A49C-F1112BFF27B7}.Debug|Win32.Build.0 = Debug|Net40
		{6AF1CA5F-AE7C-4041-A49C-F1112BFF27B7}.Debug|x64.ActiveCfg = Debug|Net40
		{6AF1CA5F-AE7C-4041-A49C-F1112BFF27B7}.Debug|x64.Build.0 = Debug|Net40
		{6AF1CA5F-AE7C-4041-A49C-F1112BFF27B7}.Release|Any CPU.ActiveCfg = Release|Net45
		{6AF1CA5F-AE7C-4041-A49C-F1112BFF27B7}.Release|Mixed Platforms.ActiveCfg = Release|Net45
		{6AF1CA5F-AE7C-4041-A49C-F1112BFF27B7}.Release|Mixed Platforms.Build.0 = Release|Net45
		{6AF1CA5F-AE7C-4041-A49C-F1112BFF27B7}.Release|Net40.ActiveCfg = Release|Net40
		{6AF1CA5F-AE7C-4041-A49C-F1112BFF27B7}.Release|Net40.Build.0 = Release|Net40
		{6AF1CA5F-AE7C-4041-A49C-F1112BFF27B7}.Release|Net45.ActiveCfg = Release|Net45
		{6AF1CA5F-AE7C-4041-A49C-F1112BFF27B7}.Release|Net45.Build.0 = Release|Net45
		{6AF1CA5F-AE7C-4041-A49C-F1112BFF27B7}.Release|Win32.ActiveCfg = Release|Net40
		{6AF1CA5F-AE7C-4041-A49C-F1112BFF27B7}.Release|Win32.Build.0 = Release|Net40
		{6AF1CA5F-AE7C-4041-A49C-F1112BFF27B7}.Release|x64.ActiveCfg = Release|Net40
		{6AF1CA5F-AE7C-4041-A49C-F1112BFF27B7}.Release|x64.Build.0 = Release|Net40
		{06E998E6-6AA5-49B1-B87C-8BB7CF2CD9C2}.Debug|Any CPU.ActiveCfg = Debug|Any CPU
		{06E998E6-6AA5-49B1-B87C-8BB7CF2CD9C2}.Debug|Any CPU.Build.0 = Debug|Any CPU
		{06E998E6-6AA5-49B1-B87C-8BB7CF2CD9C2}.Debug|Mixed Platforms.ActiveCfg = Debug|Any CPU
		{06E998E6-6AA5-49B1-B87C-8BB7CF2CD9C2}.Debug|Mixed Platforms.Build.0 = Debug|Any CPU
		{06E998E6-6AA5-49B1-B87C-8BB7CF2CD9C2}.Debug|Net40.ActiveCfg = Debug|Any CPU
		{06E998E6-6AA5-49B1-B87C-8BB7CF2CD9C2}.Debug|Net45.ActiveCfg = Debug|Any CPU
		{06E998E6-6AA5-49B1-B87C-8BB7CF2CD9C2}.Debug|Win32.ActiveCfg = Debug|Any CPU
		{06E998E6-6AA5-49B1-B87C-8BB7CF2CD9C2}.Debug|x64.ActiveCfg = Debug|Any CPU
		{06E998E6-6AA5-49B1-B87C-8BB7CF2CD9C2}.Release|Any CPU.ActiveCfg = Release|Any CPU
		{06E998E6-6AA5-49B1-B87C-8BB7CF2CD9C2}.Release|Any CPU.Build.0 = Release|Any CPU
		{06E998E6-6AA5-49B1-B87C-8BB7CF2CD9C2}.Release|Mixed Platforms.ActiveCfg = Release|Any CPU
		{06E998E6-6AA5-49B1-B87C-8BB7CF2CD9C2}.Release|Mixed Platforms.Build.0 = Release|Any CPU
		{06E998E6-6AA5-49B1-B87C-8BB7CF2CD9C2}.Release|Net40.ActiveCfg = Release|Any CPU
		{06E998E6-6AA5-49B1-B87C-8BB7CF2CD9C2}.Release|Net45.ActiveCfg = Release|Any CPU
		{06E998E6-6AA5-49B1-B87C-8BB7CF2CD9C2}.Release|Win32.ActiveCfg = Release|Any CPU
		{06E998E6-6AA5-49B1-B87C-8BB7CF2CD9C2}.Release|x64.ActiveCfg = Release|Any CPU
		{3BDCEF69-4ACA-4954-A20C-578CFB609BDD}.Debug|Any CPU.ActiveCfg = Debug|Any CPU
		{3BDCEF69-4ACA-4954-A20C-578CFB609BDD}.Debug|Any CPU.Build.0 = Debug|Any CPU
		{3BDCEF69-4ACA-4954-A20C-578CFB609BDD}.Debug|Mixed Platforms.ActiveCfg = Debug|Any CPU
		{3BDCEF69-4ACA-4954-A20C-578CFB609BDD}.Debug|Mixed Platforms.Build.0 = Debug|Any CPU
		{3BDCEF69-4ACA-4954-A20C-578CFB609BDD}.Debug|Net40.ActiveCfg = Debug|Any CPU
		{3BDCEF69-4ACA-4954-A20C-578CFB609BDD}.Debug|Net40.Build.0 = Debug|Any CPU
		{3BDCEF69-4ACA-4954-A20C-578CFB609BDD}.Debug|Net45.ActiveCfg = Debug|Any CPU
		{3BDCEF69-4ACA-4954-A20C-578CFB609BDD}.Debug|Net45.Build.0 = Debug|Any CPU
		{3BDCEF69-4ACA-4954-A20C-578CFB609BDD}.Debug|Win32.ActiveCfg = Debug|Any CPU
		{3BDCEF69-4ACA-4954-A20C-578CFB609BDD}.Debug|Win32.Build.0 = Debug|Any CPU
		{3BDCEF69-4ACA-4954-A20C-578CFB609BDD}.Debug|x64.ActiveCfg = Debug|Any CPU
		{3BDCEF69-4ACA-4954-A20C-578CFB609BDD}.Debug|x64.Build.0 = Debug|Any CPU
		{3BDCEF69-4ACA-4954-A20C-578CFB609BDD}.Release|Any CPU.ActiveCfg = Release|Any CPU
		{3BDCEF69-4ACA-4954-A20C-578CFB609BDD}.Release|Any CPU.Build.0 = Release|Any CPU
		{3BDCEF69-4ACA-4954-A20C-578CFB609BDD}.Release|Mixed Platforms.ActiveCfg = Release|Any CPU
		{3BDCEF69-4ACA-4954-A20C-578CFB609BDD}.Release|Mixed Platforms.Build.0 = Release|Any CPU
		{3BDCEF69-4ACA-4954-A20C-578CFB609BDD}.Release|Net40.ActiveCfg = Release|Any CPU
		{3BDCEF69-4ACA-4954-A20C-578CFB609BDD}.Release|Net40.Build.0 = Release|Any CPU
		{3BDCEF69-4ACA-4954-A20C-578CFB609BDD}.Release|Net45.ActiveCfg = Release|Any CPU
		{3BDCEF69-4ACA-4954-A20C-578CFB609BDD}.Release|Net45.Build.0 = Release|Any CPU
		{3BDCEF69-4ACA-4954-A20C-578CFB609BDD}.Release|Win32.ActiveCfg = Release|Any CPU
		{3BDCEF69-4ACA-4954-A20C-578CFB609BDD}.Release|Win32.Build.0 = Release|Any CPU
		{3BDCEF69-4ACA-4954-A20C-578CFB609BDD}.Release|x64.ActiveCfg = Release|Any CPU
		{3BDCEF69-4ACA-4954-A20C-578CFB609BDD}.Release|x64.Build.0 = Release|Any CPU
		{20A11B23-D00B-4A82-8156-E6E4F71BD156}.Debug|Any CPU.ActiveCfg = Debug|Any CPU
		{20A11B23-D00B-4A82-8156-E6E4F71BD156}.Debug|Any CPU.Build.0 = Debug|Any CPU
		{20A11B23-D00B-4A82-8156-E6E4F71BD156}.Debug|Mixed Platforms.ActiveCfg = Debug|Any CPU
		{20A11B23-D00B-4A82-8156-E6E4F71BD156}.Debug|Mixed Platforms.Build.0 = Debug|Any CPU
		{20A11B23-D00B-4A82-8156-E6E4F71BD156}.Debug|Net40.ActiveCfg = Debug|Any CPU
		{20A11B23-D00B-4A82-8156-E6E4F71BD156}.Debug|Net40.Build.0 = Debug|Any CPU
		{20A11B23-D00B-4A82-8156-E6E4F71BD156}.Debug|Net45.ActiveCfg = Debug|Any CPU
		{20A11B23-D00B-4A82-8156-E6E4F71BD156}.Debug|Net45.Build.0 = Debug|Any CPU
		{20A11B23-D00B-4A82-8156-E6E4F71BD156}.Debug|Win32.ActiveCfg = Debug|Any CPU
		{20A11B23-D00B-4A82-8156-E6E4F71BD156}.Debug|Win32.Build.0 = Debug|Any CPU
		{20A11B23-D00B-4A82-8156-E6E4F71BD156}.Debug|x64.ActiveCfg = Debug|Any CPU
		{20A11B23-D00B-4A82-8156-E6E4F71BD156}.Debug|x64.Build.0 = Debug|Any CPU
		{20A11B23-D00B-4A82-8156-E6E4F71BD156}.Release|Any CPU.ActiveCfg = Release|Any CPU
		{20A11B23-D00B-4A82-8156-E6E4F71BD156}.Release|Any CPU.Build.0 = Release|Any CPU
		{20A11B23-D00B-4A82-8156-E6E4F71BD156}.Release|Mixed Platforms.ActiveCfg = Release|Any CPU
		{20A11B23-D00B-4A82-8156-E6E4F71BD156}.Release|Mixed Platforms.Build.0 = Release|Any CPU
		{20A11B23-D00B-4A82-8156-E6E4F71BD156}.Release|Net40.ActiveCfg = Release|Any CPU
		{20A11B23-D00B-4A82-8156-E6E4F71BD156}.Release|Net40.Build.0 = Release|Any CPU
		{20A11B23-D00B-4A82-8156-E6E4F71BD156}.Release|Net45.ActiveCfg = Release|Any CPU
		{20A11B23-D00B-4A82-8156-E6E4F71BD156}.Release|Net45.Build.0 = Release|Any CPU
		{20A11B23-D00B-4A82-8156-E6E4F71BD156}.Release|Win32.ActiveCfg = Release|Any CPU
		{20A11B23-D00B-4A82-8156-E6E4F71BD156}.Release|Win32.Build.0 = Release|Any CPU
		{20A11B23-D00B-4A82-8156-E6E4F71BD156}.Release|x64.ActiveCfg = Release|Any CPU
		{20A11B23-D00B-4A82-8156-E6E4F71BD156}.Release|x64.Build.0 = Release|Any CPU
		{9A28CF5D-A5EE-49BB-AFE8-E2C020AC32E2}.Debug|Any CPU.ActiveCfg = Debug|Any CPU
		{9A28CF5D-A5EE-49BB-AFE8-E2C020AC32E2}.Debug|Any CPU.Build.0 = Debug|Any CPU
		{9A28CF5D-A5EE-49BB-AFE8-E2C020AC32E2}.Debug|Mixed Platforms.ActiveCfg = Debug|Any CPU
		{9A28CF5D-A5EE-49BB-AFE8-E2C020AC32E2}.Debug|Mixed Platforms.Build.0 = Debug|Any CPU
		{9A28CF5D-A5EE-49BB-AFE8-E2C020AC32E2}.Debug|Net40.ActiveCfg = Debug|Any CPU
		{9A28CF5D-A5EE-49BB-AFE8-E2C020AC32E2}.Debug|Net40.Build.0 = Debug|Any CPU
		{9A28CF5D-A5EE-49BB-AFE8-E2C020AC32E2}.Debug|Net45.ActiveCfg = Debug|Any CPU
		{9A28CF5D-A5EE-49BB-AFE8-E2C020AC32E2}.Debug|Net45.Build.0 = Debug|Any CPU
		{9A28CF5D-A5EE-49BB-AFE8-E2C020AC32E2}.Debug|Win32.ActiveCfg = Debug|Any CPU
		{9A28CF5D-A5EE-49BB-AFE8-E2C020AC32E2}.Debug|Win32.Build.0 = Debug|Any CPU
		{9A28CF5D-A5EE-49BB-AFE8-E2C020AC32E2}.Debug|x64.ActiveCfg = Debug|Any CPU
		{9A28CF5D-A5EE-49BB-AFE8-E2C020AC32E2}.Debug|x64.Build.0 = Debug|Any CPU
		{9A28CF5D-A5EE-49BB-AFE8-E2C020AC32E2}.Release|Any CPU.ActiveCfg = Release|Any CPU
		{9A28CF5D-A5EE-49BB-AFE8-E2C020AC32E2}.Release|Any CPU.Build.0 = Release|Any CPU
		{9A28CF5D-A5EE-49BB-AFE8-E2C020AC32E2}.Release|Mixed Platforms.ActiveCfg = Release|Any CPU
		{9A28CF5D-A5EE-49BB-AFE8-E2C020AC32E2}.Release|Mixed Platforms.Build.0 = Release|Any CPU
		{9A28CF5D-A5EE-49BB-AFE8-E2C020AC32E2}.Release|Net40.ActiveCfg = Release|Any CPU
		{9A28CF5D-A5EE-49BB-AFE8-E2C020AC32E2}.Release|Net40.Build.0 = Release|Any CPU
		{9A28CF5D-A5EE-49BB-AFE8-E2C020AC32E2}.Release|Net45.ActiveCfg = Release|Any CPU
		{9A28CF5D-A5EE-49BB-AFE8-E2C020AC32E2}.Release|Net45.Build.0 = Release|Any CPU
		{9A28CF5D-A5EE-49BB-AFE8-E2C020AC32E2}.Release|Win32.ActiveCfg = Release|Any CPU
		{9A28CF5D-A5EE-49BB-AFE8-E2C020AC32E2}.Release|Win32.Build.0 = Release|Any CPU
		{9A28CF5D-A5EE-49BB-AFE8-E2C020AC32E2}.Release|x64.ActiveCfg = Release|Any CPU
		{9A28CF5D-A5EE-49BB-AFE8-E2C020AC32E2}.Release|x64.Build.0 = Release|Any CPU
	EndGlobalSection
	GlobalSection(SolutionProperties) = preSolution
		HideSolutionNode = FALSE
	EndGlobalSection
	GlobalSection(NestedProjects) = preSolution
		{CA45551A-6A4E-4E3D-AF2E-E081F209BB14} = {C0B6D110-9422-4135-8208-926C67909788}
		{2FAA440A-87D3-41AB-9931-25AC306A25BA} = {C0B6D110-9422-4135-8208-926C67909788}
		{C89D83CA-C0FA-4573-A63E-F716DD628696} = {C0B6D110-9422-4135-8208-926C67909788}
		{65FB2C9F-3A0F-4E3F-ADBD-912BC6F08508} = {C0B6D110-9422-4135-8208-926C67909788}
		{C00B45E2-5ABA-4F7A-BD85-505594794AAE} = {C0B6D110-9422-4135-8208-926C67909788}
		{04196C86-66F6-4A9C-BE0B-90AA5353B1C6} = {C0B6D110-9422-4135-8208-926C67909788}
	EndGlobalSection
	GlobalSection(ExtensibilityGlobals) = postSolution
		EnterpriseLibraryConfigurationToolBinariesPath = packages\Unity.2.1.505.0\lib\NET35
		SolutionGuid = {42588665-FFC3-45A1-9612-41025360B643}
	EndGlobalSection
EndGlobal
